// !$*UTF8*$!
{
	archiveVersion = 1;
	classes = {
	};
	objectVersion = 56;
	objects = {

/* Begin PBXBuildFile section */
		E92C37092A72D12B00295BAB /* GameScene.swift in Sources */ = {isa = PBXBuildFile; fileRef = E92C37082A72D12B00295BAB /* GameScene.swift */; };
		E92C37102A72D2A800295BAB /* win.mp3 in Resources */ = {isa = PBXBuildFile; fileRef = E92C370D2A72D2A800295BAB /* win.mp3 */; };
		E92C37112A72D2A800295BAB /* falldown.mp3 in Resources */ = {isa = PBXBuildFile; fileRef = E92C370E2A72D2A800295BAB /* falldown.mp3 */; };
		E92C37122A72D2A800295BAB /* bomb.mp3 in Resources */ = {isa = PBXBuildFile; fileRef = E92C370F2A72D2A800295BAB /* bomb.mp3 */; };
		E92C37162A72D5EC00295BAB /* Color.swift in Sources */ = {isa = PBXBuildFile; fileRef = E92C37152A72D5EC00295BAB /* Color.swift */; };
		E92C37182A72E11300295BAB /* FruitUtil.swift in Sources */ = {isa = PBXBuildFile; fileRef = E92C37172A72E11300295BAB /* FruitUtil.swift */; };
		E92C371B2A72E37300295BAB /* GameScene+MakeUI.swift in Sources */ = {isa = PBXBuildFile; fileRef = E92C371A2A72E37300295BAB /* GameScene+MakeUI.swift */; };
		E92C371D2A72E3AA00295BAB /* GameScene+Touches.swift in Sources */ = {isa = PBXBuildFile; fileRef = E92C371C2A72E3AA00295BAB /* GameScene+Touches.swift */; };
		E92C37202A72E4FD00295BAB /* FruitTexture.swift in Sources */ = {isa = PBXBuildFile; fileRef = E92C371F2A72E4FD00295BAB /* FruitTexture.swift */; };
		E92C37222A72E9B300295BAB /* GameScene+Collisions.swift in Sources */ = {isa = PBXBuildFile; fileRef = E92C37212A72E9B300295BAB /* GameScene+Collisions.swift */; };
		E92C37482A73004800295BAB /* gameoverpng in Resources */ = {isa = PBXBuildFile; fileRef = E92C37242A73004800295BAB /* gameoverpng */; };
		E92C37492A73004800295BAB /* icon.png in Resources */ = {isa = PBXBuildFile; fileRef = E92C37252A73004800295BAB /* icon.png */; };
		E92C374A2A73004800295BAB /* yellowlight.png in Resources */ = {isa = PBXBuildFile; fileRef = E92C37262A73004800295BAB /* yellowlight.png */; };
		E92C374B2A73004800295BAB /* peach.png in Resources */ = {isa = PBXBuildFile; fileRef = E92C37282A73004800295BAB /* peach.png */; };
		E92C374C2A73004800295BAB /* pineapple.png in Resources */ = {isa = PBXBuildFile; fileRef = E92C37292A73004800295BAB /* pineapple.png */; };
		E92C374D2A73004800295BAB /* tomato.png in Resources */ = {isa = PBXBuildFile; fileRef = E92C372A2A73004800295BAB /* tomato.png */; };
		E92C374E2A73004800295BAB /* grape.png in Resources */ = {isa = PBXBuildFile; fileRef = E92C372B2A73004800295BAB /* grape.png */; };
		E92C374F2A73004800295BAB /* watermelon.png in Resources */ = {isa = PBXBuildFile; fileRef = E92C372C2A73004800295BAB /* watermelon.png */; };
		E92C37502A73004800295BAB /* cherry.png in Resources */ = {isa = PBXBuildFile; fileRef = E92C372D2A73004800295BAB /* cherry.png */; };
		E92C37512A73004800295BAB /* orange.png in Resources */ = {isa = PBXBuildFile; fileRef = E92C372E2A73004800295BAB /* orange.png */; };
		E92C37522A73004800295BAB /* cocount.png in Resources */ = {isa = PBXBuildFile; fileRef = E92C372F2A73004800295BAB /* cocount.png */; };
		E92C37532A73004800295BAB /* lemon.png in Resources */ = {isa = PBXBuildFile; fileRef = E92C37302A73004800295BAB /* lemon.png */; };
		E92C37542A73004800295BAB /* kiwi.png in Resources */ = {isa = PBXBuildFile; fileRef = E92C37312A73004800295BAB /* kiwi.png */; };
		E92C37552A73004800295BAB /* halfwatermelon.png in Resources */ = {isa = PBXBuildFile; fileRef = E92C37322A73004800295BAB /* halfwatermelon.png */; };
		E92C37562A73004800295BAB /* redline.png in Resources */ = {isa = PBXBuildFile; fileRef = E92C37332A73004800295BAB /* redline.png */; };
		E92C37572A73004800295BAB /* restart.png in Resources */ = {isa = PBXBuildFile; fileRef = E92C37342A73004800295BAB /* restart.png */; };
		E92C37582A73004800295BAB /* 8.png in Resources */ = {isa = PBXBuildFile; fileRef = E92C37362A73004800295BAB /* 8.png */; };
		E92C37592A73004800295BAB /* 9.png in Resources */ = {isa = PBXBuildFile; fileRef = E92C37372A73004800295BAB /* 9.png */; };
		E92C375A2A73004800295BAB /* 4.png in Resources */ = {isa = PBXBuildFile; fileRef = E92C37382A73004800295BAB /* 4.png */; };
		E92C375B2A73004800295BAB /* 5.png in Resources */ = {isa = PBXBuildFile; fileRef = E92C37392A73004800295BAB /* 5.png */; };
		E92C375C2A73004800295BAB /* 7.png in Resources */ = {isa = PBXBuildFile; fileRef = E92C373A2A73004800295BAB /* 7.png */; };
		E92C375D2A73004800295BAB /* 6.png in Resources */ = {isa = PBXBuildFile; fileRef = E92C373B2A73004800295BAB /* 6.png */; };
		E92C375E2A73004800295BAB /* 2.png in Resources */ = {isa = PBXBuildFile; fileRef = E92C373C2A73004800295BAB /* 2.png */; };
		E92C375F2A73004800295BAB /* 3.png in Resources */ = {isa = PBXBuildFile; fileRef = E92C373D2A73004800295BAB /* 3.png */; };
		E92C37602A73004800295BAB /* 1.png in Resources */ = {isa = PBXBuildFile; fileRef = E92C373E2A73004800295BAB /* 1.png */; };
		E92C37612A73004800295BAB /* 0.png in Resources */ = {isa = PBXBuildFile; fileRef = E92C373F2A73004800295BAB /* 0.png */; };
		E92C37622A73004800295BAB /* yellow.png in Resources */ = {isa = PBXBuildFile; fileRef = E92C37412A73004800295BAB /* yellow.png */; };
		E92C37632A73004800295BAB /* yellowpiece.png in Resources */ = {isa = PBXBuildFile; fileRef = E92C37422A73004800295BAB /* yellowpiece.png */; };
		E92C37642A73004800295BAB /* orangepiece.png in Resources */ = {isa = PBXBuildFile; fileRef = E92C37432A73004800295BAB /* orangepiece.png */; };
		E92C37652A73004800295BAB /* greenpiece.png in Resources */ = {isa = PBXBuildFile; fileRef = E92C37442A73004800295BAB /* greenpiece.png */; };
		E92C37662A73004800295BAB /* redpiece.png in Resources */ = {isa = PBXBuildFile; fileRef = E92C37452A73004800295BAB /* redpiece.png */; };
		E92C37672A73004800295BAB /* purple.png in Resources */ = {isa = PBXBuildFile; fileRef = E92C37462A73004800295BAB /* purple.png */; };
		E92C37682A73004800295BAB /* purplepiece.png in Resources */ = {isa = PBXBuildFile; fileRef = E92C37472A73004800295BAB /* purplepiece.png */; };
		E98DBCCF2A75982B0062541B /* AudioUtil.swift in Sources */ = {isa = PBXBuildFile; fileRef = E98DBCCE2A75982B0062541B /* AudioUtil.swift */; };
		E9BFDE492A71BD17009743F2 /* TestingSpriteKitApp.swift in Sources */ = {isa = PBXBuildFile; fileRef = E9BFDE482A71BD17009743F2 /* TestingSpriteKitApp.swift */; };
		E9BFDE4B2A71BD17009743F2 /* ContentView.swift in Sources */ = {isa = PBXBuildFile; fileRef = E9BFDE4A2A71BD17009743F2 /* ContentView.swift */; };
		E9BFDE4D2A71BD18009743F2 /* Assets.xcassets in Resources */ = {isa = PBXBuildFile; fileRef = E9BFDE4C2A71BD18009743F2 /* Assets.xcassets */; };
		E9BFDE502A71BD18009743F2 /* Preview Assets.xcassets in Resources */ = {isa = PBXBuildFile; fileRef = E9BFDE4F2A71BD18009743F2 /* Preview Assets.xcassets */; };
/* End PBXBuildFile section */

/* Begin PBXFileReference section */
		E92C37082A72D12B00295BAB /* GameScene.swift */ = {isa = PBXFileReference; lastKnownFileType = sourcecode.swift; path = GameScene.swift; sourceTree = "<group>"; };
		E92C370D2A72D2A800295BAB /* win.mp3 */ = {isa = PBXFileReference; lastKnownFileType = audio.mp3; path = win.mp3; sourceTree = "<group>"; };
		E92C370E2A72D2A800295BAB /* falldown.mp3 */ = {isa = PBXFileReference; lastKnownFileType = audio.mp3; path = falldown.mp3; sourceTree = "<group>"; };
		E92C370F2A72D2A800295BAB /* bomb.mp3 */ = {isa = PBXFileReference; lastKnownFileType = audio.mp3; path = bomb.mp3; sourceTree = "<group>"; };
		E92C37152A72D5EC00295BAB /* Color.swift */ = {isa = PBXFileReference; lastKnownFileType = sourcecode.swift; path = Color.swift; sourceTree = "<group>"; };
		E92C37172A72E11300295BAB /* FruitUtil.swift */ = {isa = PBXFileReference; lastKnownFileType = sourcecode.swift; path = FruitUtil.swift; sourceTree = "<group>"; };
		E92C371A2A72E37300295BAB /* GameScene+MakeUI.swift */ = {isa = PBXFileReference; lastKnownFileType = sourcecode.swift; path = "GameScene+MakeUI.swift"; sourceTree = "<group>"; };
		E92C371C2A72E3AA00295BAB /* GameScene+Touches.swift */ = {isa = PBXFileReference; lastKnownFileType = sourcecode.swift; path = "GameScene+Touches.swift"; sourceTree = "<group>"; };
		E92C371F2A72E4FD00295BAB /* FruitTexture.swift */ = {isa = PBXFileReference; lastKnownFileType = sourcecode.swift; path = FruitTexture.swift; sourceTree = "<group>"; };
		E92C37212A72E9B300295BAB /* GameScene+Collisions.swift */ = {isa = PBXFileReference; lastKnownFileType = sourcecode.swift; path = "GameScene+Collisions.swift"; sourceTree = "<group>"; };
		E92C37242A73004800295BAB /* gameoverpng */ = {isa = PBXFileReference; lastKnownFileType = file; path = gameoverpng; sourceTree = "<group>"; };
		E92C37252A73004800295BAB /* icon.png */ = {isa = PBXFileReference; lastKnownFileType = image.png; path = icon.png; sourceTree = "<group>"; };
		E92C37262A73004800295BAB /* yellowlight.png */ = {isa = PBXFileReference; lastKnownFileType = image.png; path = yellowlight.png; sourceTree = "<group>"; };
		E92C37282A73004800295BAB /* peach.png */ = {isa = PBXFileReference; lastKnownFileType = image.png; path = peach.png; sourceTree = "<group>"; };
		E92C37292A73004800295BAB /* pineapple.png */ = {isa = PBXFileReference; lastKnownFileType = image.png; path = pineapple.png; sourceTree = "<group>"; };
		E92C372A2A73004800295BAB /* tomato.png */ = {isa = PBXFileReference; lastKnownFileType = image.png; path = tomato.png; sourceTree = "<group>"; };
		E92C372B2A73004800295BAB /* grape.png */ = {isa = PBXFileReference; lastKnownFileType = image.png; path = grape.png; sourceTree = "<group>"; };
		E92C372C2A73004800295BAB /* watermelon.png */ = {isa = PBXFileReference; lastKnownFileType = image.png; path = watermelon.png; sourceTree = "<group>"; };
		E92C372D2A73004800295BAB /* cherry.png */ = {isa = PBXFileReference; lastKnownFileType = image.png; path = cherry.png; sourceTree = "<group>"; };
		E92C372E2A73004800295BAB /* orange.png */ = {isa = PBXFileReference; lastKnownFileType = image.png; path = orange.png; sourceTree = "<group>"; };
		E92C372F2A73004800295BAB /* cocount.png */ = {isa = PBXFileReference; lastKnownFileType = image.png; path = cocount.png; sourceTree = "<group>"; };
		E92C37302A73004800295BAB /* lemon.png */ = {isa = PBXFileReference; lastKnownFileType = image.png; path = lemon.png; sourceTree = "<group>"; };
		E92C37312A73004800295BAB /* kiwi.png */ = {isa = PBXFileReference; lastKnownFileType = image.png; path = kiwi.png; sourceTree = "<group>"; };
		E92C37322A73004800295BAB /* halfwatermelon.png */ = {isa = PBXFileReference; lastKnownFileType = image.png; path = halfwatermelon.png; sourceTree = "<group>"; };
		E92C37332A73004800295BAB /* redline.png */ = {isa = PBXFileReference; lastKnownFileType = image.png; path = redline.png; sourceTree = "<group>"; };
		E92C37342A73004800295BAB /* restart.png */ = {isa = PBXFileReference; lastKnownFileType = image.png; path = restart.png; sourceTree = "<group>"; };
		E92C37362A73004800295BAB /* 8.png */ = {isa = PBXFileReference; lastKnownFileType = image.png; path = 8.png; sourceTree = "<group>"; };
		E92C37372A73004800295BAB /* 9.png */ = {isa = PBXFileReference; lastKnownFileType = image.png; path = 9.png; sourceTree = "<group>"; };
		E92C37382A73004800295BAB /* 4.png */ = {isa = PBXFileReference; lastKnownFileType = image.png; path = 4.png; sourceTree = "<group>"; };
		E92C37392A73004800295BAB /* 5.png */ = {isa = PBXFileReference; lastKnownFileType = image.png; path = 5.png; sourceTree = "<group>"; };
		E92C373A2A73004800295BAB /* 7.png */ = {isa = PBXFileReference; lastKnownFileType = image.png; path = 7.png; sourceTree = "<group>"; };
		E92C373B2A73004800295BAB /* 6.png */ = {isa = PBXFileReference; lastKnownFileType = image.png; path = 6.png; sourceTree = "<group>"; };
		E92C373C2A73004800295BAB /* 2.png */ = {isa = PBXFileReference; lastKnownFileType = image.png; path = 2.png; sourceTree = "<group>"; };
		E92C373D2A73004800295BAB /* 3.png */ = {isa = PBXFileReference; lastKnownFileType = image.png; path = 3.png; sourceTree = "<group>"; };
		E92C373E2A73004800295BAB /* 1.png */ = {isa = PBXFileReference; lastKnownFileType = image.png; path = 1.png; sourceTree = "<group>"; };
		E92C373F2A73004800295BAB /* 0.png */ = {isa = PBXFileReference; lastKnownFileType = image.png; path = 0.png; sourceTree = "<group>"; };
		E92C37412A73004800295BAB /* yellow.png */ = {isa = PBXFileReference; lastKnownFileType = image.png; path = yellow.png; sourceTree = "<group>"; };
		E92C37422A73004800295BAB /* yellowpiece.png */ = {isa = PBXFileReference; lastKnownFileType = image.png; path = yellowpiece.png; sourceTree = "<group>"; };
		E92C37432A73004800295BAB /* orangepiece.png */ = {isa = PBXFileReference; lastKnownFileType = image.png; path = orangepiece.png; sourceTree = "<group>"; };
		E92C37442A73004800295BAB /* greenpiece.png */ = {isa = PBXFileReference; lastKnownFileType = image.png; path = greenpiece.png; sourceTree = "<group>"; };
		E92C37452A73004800295BAB /* redpiece.png */ = {isa = PBXFileReference; lastKnownFileType = image.png; path = redpiece.png; sourceTree = "<group>"; };
		E92C37462A73004800295BAB /* purple.png */ = {isa = PBXFileReference; lastKnownFileType = image.png; path = purple.png; sourceTree = "<group>"; };
		E92C37472A73004800295BAB /* purplepiece.png */ = {isa = PBXFileReference; lastKnownFileType = image.png; path = purplepiece.png; sourceTree = "<group>"; };
		E98DBCCE2A75982B0062541B /* AudioUtil.swift */ = {isa = PBXFileReference; lastKnownFileType = sourcecode.swift; path = AudioUtil.swift; sourceTree = "<group>"; };
		E9BFDE452A71BD17009743F2 /* TestingSpriteKit.app */ = {isa = PBXFileReference; explicitFileType = wrapper.application; includeInIndex = 0; path = TestingSpriteKit.app; sourceTree = BUILT_PRODUCTS_DIR; };
		E9BFDE482A71BD17009743F2 /* TestingSpriteKitApp.swift */ = {isa = PBXFileReference; lastKnownFileType = sourcecode.swift; path = TestingSpriteKitApp.swift; sourceTree = "<group>"; };
		E9BFDE4A2A71BD17009743F2 /* ContentView.swift */ = {isa = PBXFileReference; lastKnownFileType = sourcecode.swift; path = ContentView.swift; sourceTree = "<group>"; };
		E9BFDE4C2A71BD18009743F2 /* Assets.xcassets */ = {isa = PBXFileReference; lastKnownFileType = folder.assetcatalog; path = Assets.xcassets; sourceTree = "<group>"; };
		E9BFDE4F2A71BD18009743F2 /* Preview Assets.xcassets */ = {isa = PBXFileReference; lastKnownFileType = folder.assetcatalog; path = "Preview Assets.xcassets"; sourceTree = "<group>"; };
/* End PBXFileReference section */

/* Begin PBXFrameworksBuildPhase section */
		E9BFDE422A71BD17009743F2 /* Frameworks */ = {
			isa = PBXFrameworksBuildPhase;
			buildActionMask = 2147483647;
			files = (
			);
			runOnlyForDeploymentPostprocessing = 0;
		};
/* End PBXFrameworksBuildPhase section */

/* Begin PBXGroup section */
		E92C370C2A72D2A800295BAB /* Sounds */ = {
			isa = PBXGroup;
			children = (
				E92C370D2A72D2A800295BAB /* win.mp3 */,
				E92C370E2A72D2A800295BAB /* falldown.mp3 */,
				E92C370F2A72D2A800295BAB /* bomb.mp3 */,
			);
			path = Sounds;
			sourceTree = "<group>";
		};
		E92C37132A72D2D900295BAB /* Scenes */ = {
			isa = PBXGroup;
			children = (
				E92C37082A72D12B00295BAB /* GameScene.swift */,
				E92C371A2A72E37300295BAB /* GameScene+MakeUI.swift */,
				E92C371C2A72E3AA00295BAB /* GameScene+Touches.swift */,
				E92C37212A72E9B300295BAB /* GameScene+Collisions.swift */,
			);
			path = Scenes;
			sourceTree = "<group>";
		};
		E92C37142A72D5DF00295BAB /* Extensions */ = {
			isa = PBXGroup;
			children = (
				E92C37152A72D5EC00295BAB /* Color.swift */,
			);
			path = Extensions;
			sourceTree = "<group>";
		};
		E92C37192A72E11A00295BAB /* Managers */ = {
			isa = PBXGroup;
			children = (
				E92C37172A72E11300295BAB /* FruitUtil.swift */,
			);
			path = Managers;
			sourceTree = "<group>";
		};
		E92C371E2A72E4F300295BAB /* Models */ = {
			isa = PBXGroup;
			children = (
				E92C371F2A72E4FD00295BAB /* FruitTexture.swift */,
			);
			path = Models;
			sourceTree = "<group>";
		};
		E92C37232A73004800295BAB /* Data Assets */ = {
			isa = PBXGroup;
			children = (
				E92C37242A73004800295BAB /* gameoverpng */,
				E92C37252A73004800295BAB /* icon.png */,
				E92C37262A73004800295BAB /* yellowlight.png */,
				E92C37272A73004800295BAB /* Fruit */,
				E92C37332A73004800295BAB /* redline.png */,
				E92C37342A73004800295BAB /* restart.png */,
				E92C37352A73004800295BAB /* number */,
				E92C37402A73004800295BAB /* Explode */,
			);
			path = "Data Assets";
			sourceTree = "<group>";
		};
		E92C37272A73004800295BAB /* Fruit */ = {
			isa = PBXGroup;
			children = (
				E92C37282A73004800295BAB /* peach.png */,
				E92C37292A73004800295BAB /* pineapple.png */,
				E92C372A2A73004800295BAB /* tomato.png */,
				E92C372B2A73004800295BAB /* grape.png */,
				E92C372C2A73004800295BAB /* watermelon.png */,
				E92C372D2A73004800295BAB /* cherry.png */,
				E92C372E2A73004800295BAB /* orange.png */,
				E92C372F2A73004800295BAB /* cocount.png */,
				E92C37302A73004800295BAB /* lemon.png */,
				E92C37312A73004800295BAB /* kiwi.png */,
				E92C37322A73004800295BAB /* halfwatermelon.png */,
			);
			path = Fruit;
			sourceTree = "<group>";
		};
		E92C37352A73004800295BAB /* number */ = {
			isa = PBXGroup;
			children = (
				E92C37362A73004800295BAB /* 8.png */,
				E92C37372A73004800295BAB /* 9.png */,
				E92C37382A73004800295BAB /* 4.png */,
				E92C37392A73004800295BAB /* 5.png */,
				E92C373A2A73004800295BAB /* 7.png */,
				E92C373B2A73004800295BAB /* 6.png */,
				E92C373C2A73004800295BAB /* 2.png */,
				E92C373D2A73004800295BAB /* 3.png */,
				E92C373E2A73004800295BAB /* 1.png */,
				E92C373F2A73004800295BAB /* 0.png */,
			);
			path = number;
			sourceTree = "<group>";
		};
		E92C37402A73004800295BAB /* Explode */ = {
			isa = PBXGroup;
			children = (
				E92C37412A73004800295BAB /* yellow.png */,
				E92C37422A73004800295BAB /* yellowpiece.png */,
				E92C37432A73004800295BAB /* orangepiece.png */,
				E92C37442A73004800295BAB /* greenpiece.png */,
				E92C37452A73004800295BAB /* redpiece.png */,
				E92C37462A73004800295BAB /* purple.png */,
				E92C37472A73004800295BAB /* purplepiece.png */,
			);
			path = Explode;
			sourceTree = "<group>";
		};
		E98DBCCD2A75981E0062541B /* Utilities */ = {
			isa = PBXGroup;
			children = (
				E98DBCCE2A75982B0062541B /* AudioUtil.swift */,
			);
			path = Utilities;
			sourceTree = "<group>";
		};
		E9BFDE3C2A71BD17009743F2 = {
			isa = PBXGroup;
			children = (
				E9BFDE472A71BD17009743F2 /* TestingSpriteKit */,
				E9BFDE462A71BD17009743F2 /* Products */,
			);
			sourceTree = "<group>";
		};
		E9BFDE462A71BD17009743F2 /* Products */ = {
			isa = PBXGroup;
			children = (
				E9BFDE452A71BD17009743F2 /* TestingSpriteKit.app */,
			);
			name = Products;
			sourceTree = "<group>";
		};
		E9BFDE472A71BD17009743F2 /* TestingSpriteKit */ = {
			isa = PBXGroup;
			children = (
				E98DBCCD2A75981E0062541B /* Utilities */,
				E92C37232A73004800295BAB /* Data Assets */,
				E92C371E2A72E4F300295BAB /* Models */,
				E92C37192A72E11A00295BAB /* Managers */,
				E92C37142A72D5DF00295BAB /* Extensions */,
				E9BFDE4C2A71BD18009743F2 /* Assets.xcassets */,
				E92C370C2A72D2A800295BAB /* Sounds */,
				E92C37132A72D2D900295BAB /* Scenes */,
				E9BFDE482A71BD17009743F2 /* TestingSpriteKitApp.swift */,
				E9BFDE4A2A71BD17009743F2 /* ContentView.swift */,
				E9BFDE4E2A71BD18009743F2 /* Preview Content */,
			);
			path = TestingSpriteKit;
			sourceTree = "<group>";
		};
		E9BFDE4E2A71BD18009743F2 /* Preview Content */ = {
			isa = PBXGroup;
			children = (
				E9BFDE4F2A71BD18009743F2 /* Preview Assets.xcassets */,
			);
			path = "Preview Content";
			sourceTree = "<group>";
		};
/* End PBXGroup section */

/* Begin PBXNativeTarget section */
		E9BFDE442A71BD17009743F2 /* TestingSpriteKit */ = {
			isa = PBXNativeTarget;
			buildConfigurationList = E9BFDE532A71BD18009743F2 /* Build configuration list for PBXNativeTarget "TestingSpriteKit" */;
			buildPhases = (
				E9BFDE412A71BD17009743F2 /* Sources */,
				E9BFDE422A71BD17009743F2 /* Frameworks */,
				E9BFDE432A71BD17009743F2 /* Resources */,
			);
			buildRules = (
			);
			dependencies = (
			);
			name = TestingSpriteKit;
			productName = TestingSpriteKit;
			productReference = E9BFDE452A71BD17009743F2 /* TestingSpriteKit.app */;
			productType = "com.apple.product-type.application";
		};
/* End PBXNativeTarget section */

/* Begin PBXProject section */
		E9BFDE3D2A71BD17009743F2 /* Project object */ = {
			isa = PBXProject;
			attributes = {
				BuildIndependentTargetsInParallel = 1;
				LastSwiftUpdateCheck = 1430;
				LastUpgradeCheck = 1430;
				TargetAttributes = {
					E9BFDE442A71BD17009743F2 = {
						CreatedOnToolsVersion = 14.3;
					};
				};
			};
			buildConfigurationList = E9BFDE402A71BD17009743F2 /* Build configuration list for PBXProject "TestingSpriteKit" */;
			compatibilityVersion = "Xcode 14.0";
			developmentRegion = en;
			hasScannedForEncodings = 0;
			knownRegions = (
				en,
				Base,
			);
			mainGroup = E9BFDE3C2A71BD17009743F2;
			productRefGroup = E9BFDE462A71BD17009743F2 /* Products */;
			projectDirPath = "";
			projectRoot = "";
			targets = (
				E9BFDE442A71BD17009743F2 /* TestingSpriteKit */,
			);
		};
/* End PBXProject section */

/* Begin PBXResourcesBuildPhase section */
		E9BFDE432A71BD17009743F2 /* Resources */ = {
			isa = PBXResourcesBuildPhase;
			buildActionMask = 2147483647;
			files = (
				E92C37582A73004800295BAB /* 8.png in Resources */,
				E92C375C2A73004800295BAB /* 7.png in Resources */,
				E92C375E2A73004800295BAB /* 2.png in Resources */,
				E92C37652A73004800295BAB /* greenpiece.png in Resources */,
				E92C37672A73004800295BAB /* purple.png in Resources */,
				E92C37632A73004800295BAB /* yellowpiece.png in Resources */,
				E92C374F2A73004800295BAB /* watermelon.png in Resources */,
				E92C375D2A73004800295BAB /* 6.png in Resources */,
				E92C374C2A73004800295BAB /* pineapple.png in Resources */,
				E92C37482A73004800295BAB /* gameoverpng in Resources */,
				E92C37682A73004800295BAB /* purplepiece.png in Resources */,
				E92C37492A73004800295BAB /* icon.png in Resources */,
				E92C37572A73004800295BAB /* restart.png in Resources */,
				E92C37602A73004800295BAB /* 1.png in Resources */,
				E92C37662A73004800295BAB /* redpiece.png in Resources */,
				E92C374E2A73004800295BAB /* grape.png in Resources */,
				E92C37592A73004800295BAB /* 9.png in Resources */,
				E92C375F2A73004800295BAB /* 3.png in Resources */,
				E92C37552A73004800295BAB /* halfwatermelon.png in Resources */,
				E9BFDE502A71BD18009743F2 /* Preview Assets.xcassets in Resources */,
				E92C374D2A73004800295BAB /* tomato.png in Resources */,
				E92C375B2A73004800295BAB /* 5.png in Resources */,
				E92C37642A73004800295BAB /* orangepiece.png in Resources */,
				E92C37122A72D2A800295BAB /* bomb.mp3 in Resources */,
				E92C375A2A73004800295BAB /* 4.png in Resources */,
				E92C37512A73004800295BAB /* orange.png in Resources */,
				E92C37522A73004800295BAB /* cocount.png in Resources */,
				E92C37612A73004800295BAB /* 0.png in Resources */,
				E92C37532A73004800295BAB /* lemon.png in Resources */,
				E92C37542A73004800295BAB /* kiwi.png in Resources */,
				E9BFDE4D2A71BD18009743F2 /* Assets.xcassets in Resources */,
				E92C37622A73004800295BAB /* yellow.png in Resources */,
				E92C374B2A73004800295BAB /* peach.png in Resources */,
				E92C37502A73004800295BAB /* cherry.png in Resources */,
				E92C37102A72D2A800295BAB /* win.mp3 in Resources */,
				E92C37562A73004800295BAB /* redline.png in Resources */,
				E92C374A2A73004800295BAB /* yellowlight.png in Resources */,
				E92C37112A72D2A800295BAB /* falldown.mp3 in Resources */,
			);
			runOnlyForDeploymentPostprocessing = 0;
		};
/* End PBXResourcesBuildPhase section */

/* Begin PBXSourcesBuildPhase section */
		E9BFDE412A71BD17009743F2 /* Sources */ = {
			isa = PBXSourcesBuildPhase;
			buildActionMask = 2147483647;
			files = (
				E92C37202A72E4FD00295BAB /* FruitTexture.swift in Sources */,
				E92C37092A72D12B00295BAB /* GameScene.swift in Sources */,
				E92C37162A72D5EC00295BAB /* Color.swift in Sources */,
				E92C37222A72E9B300295BAB /* GameScene+Collisions.swift in Sources */,
				E98DBCCF2A75982B0062541B /* AudioUtil.swift in Sources */,
				E92C371D2A72E3AA00295BAB /* GameScene+Touches.swift in Sources */,
				E92C371B2A72E37300295BAB /* GameScene+MakeUI.swift in Sources */,
				E92C37182A72E11300295BAB /* FruitUtil.swift in Sources */,
				E9BFDE4B2A71BD17009743F2 /* ContentView.swift in Sources */,
				E9BFDE492A71BD17009743F2 /* TestingSpriteKitApp.swift in Sources */,
			);
			runOnlyForDeploymentPostprocessing = 0;
		};
/* End PBXSourcesBuildPhase section */

/* Begin XCBuildConfiguration section */
		E9BFDE512A71BD18009743F2 /* Debug */ = {
			isa = XCBuildConfiguration;
			buildSettings = {
				ALWAYS_SEARCH_USER_PATHS = NO;
				CLANG_ANALYZER_NONNULL = YES;
				CLANG_ANALYZER_NUMBER_OBJECT_CONVERSION = YES_AGGRESSIVE;
				CLANG_CXX_LANGUAGE_STANDARD = "gnu++20";
				CLANG_ENABLE_MODULES = YES;
				CLANG_ENABLE_OBJC_ARC = YES;
				CLANG_ENABLE_OBJC_WEAK = YES;
				CLANG_WARN_BLOCK_CAPTURE_AUTORELEASING = YES;
				CLANG_WARN_BOOL_CONVERSION = YES;
				CLANG_WARN_COMMA = YES;
				CLANG_WARN_CONSTANT_CONVERSION = YES;
				CLANG_WARN_DEPRECATED_OBJC_IMPLEMENTATIONS = YES;
				CLANG_WARN_DIRECT_OBJC_ISA_USAGE = YES_ERROR;
				CLANG_WARN_DOCUMENTATION_COMMENTS = YES;
				CLANG_WARN_EMPTY_BODY = YES;
				CLANG_WARN_ENUM_CONVERSION = YES;
				CLANG_WARN_INFINITE_RECURSION = YES;
				CLANG_WARN_INT_CONVERSION = YES;
				CLANG_WARN_NON_LITERAL_NULL_CONVERSION = YES;
				CLANG_WARN_OBJC_IMPLICIT_RETAIN_SELF = YES;
				CLANG_WARN_OBJC_LITERAL_CONVERSION = YES;
				CLANG_WARN_OBJC_ROOT_CLASS = YES_ERROR;
				CLANG_WARN_QUOTED_INCLUDE_IN_FRAMEWORK_HEADER = YES;
				CLANG_WARN_RANGE_LOOP_ANALYSIS = YES;
				CLANG_WARN_STRICT_PROTOTYPES = YES;
				CLANG_WARN_SUSPICIOUS_MOVE = YES;
				CLANG_WARN_UNGUARDED_AVAILABILITY = YES_AGGRESSIVE;
				CLANG_WARN_UNREACHABLE_CODE = YES;
				CLANG_WARN__DUPLICATE_METHOD_MATCH = YES;
				COPY_PHASE_STRIP = NO;
				DEBUG_INFORMATION_FORMAT = dwarf;
				ENABLE_STRICT_OBJC_MSGSEND = YES;
				ENABLE_TESTABILITY = YES;
				GCC_C_LANGUAGE_STANDARD = gnu11;
				GCC_DYNAMIC_NO_PIC = NO;
				GCC_NO_COMMON_BLOCKS = YES;
				GCC_OPTIMIZATION_LEVEL = 0;
				GCC_PREPROCESSOR_DEFINITIONS = (
					"DEBUG=1",
					"$(inherited)",
				);
				GCC_WARN_64_TO_32_BIT_CONVERSION = YES;
				GCC_WARN_ABOUT_RETURN_TYPE = YES_ERROR;
				GCC_WARN_UNDECLARED_SELECTOR = YES;
				GCC_WARN_UNINITIALIZED_AUTOS = YES_AGGRESSIVE;
				GCC_WARN_UNUSED_FUNCTION = YES;
				GCC_WARN_UNUSED_VARIABLE = YES;
				IPHONEOS_DEPLOYMENT_TARGET = 16.4;
				MTL_ENABLE_DEBUG_INFO = INCLUDE_SOURCE;
				MTL_FAST_MATH = YES;
				ONLY_ACTIVE_ARCH = YES;
				SDKROOT = iphoneos;
				SWIFT_ACTIVE_COMPILATION_CONDITIONS = DEBUG;
				SWIFT_OPTIMIZATION_LEVEL = "-Onone";
			};
			name = Debug;
		};
		E9BFDE522A71BD18009743F2 /* Release */ = {
			isa = XCBuildConfiguration;
			buildSettings = {
				ALWAYS_SEARCH_USER_PATHS = NO;
				CLANG_ANALYZER_NONNULL = YES;
				CLANG_ANALYZER_NUMBER_OBJECT_CONVERSION = YES_AGGRESSIVE;
				CLANG_CXX_LANGUAGE_STANDARD = "gnu++20";
				CLANG_ENABLE_MODULES = YES;
				CLANG_ENABLE_OBJC_ARC = YES;
				CLANG_ENABLE_OBJC_WEAK = YES;
				CLANG_WARN_BLOCK_CAPTURE_AUTORELEASING = YES;
				CLANG_WARN_BOOL_CONVERSION = YES;
				CLANG_WARN_COMMA = YES;
				CLANG_WARN_CONSTANT_CONVERSION = YES;
				CLANG_WARN_DEPRECATED_OBJC_IMPLEMENTATIONS = YES;
				CLANG_WARN_DIRECT_OBJC_ISA_USAGE = YES_ERROR;
				CLANG_WARN_DOCUMENTATION_COMMENTS = YES;
				CLANG_WARN_EMPTY_BODY = YES;
				CLANG_WARN_ENUM_CONVERSION = YES;
				CLANG_WARN_INFINITE_RECURSION = YES;
				CLANG_WARN_INT_CONVERSION = YES;
				CLANG_WARN_NON_LITERAL_NULL_CONVERSION = YES;
				CLANG_WARN_OBJC_IMPLICIT_RETAIN_SELF = YES;
				CLANG_WARN_OBJC_LITERAL_CONVERSION = YES;
				CLANG_WARN_OBJC_ROOT_CLASS = YES_ERROR;
				CLANG_WARN_QUOTED_INCLUDE_IN_FRAMEWORK_HEADER = YES;
				CLANG_WARN_RANGE_LOOP_ANALYSIS = YES;
				CLANG_WARN_STRICT_PROTOTYPES = YES;
				CLANG_WARN_SUSPICIOUS_MOVE = YES;
				CLANG_WARN_UNGUARDED_AVAILABILITY = YES_AGGRESSIVE;
				CLANG_WARN_UNREACHABLE_CODE = YES;
				CLANG_WARN__DUPLICATE_METHOD_MATCH = YES;
				COPY_PHASE_STRIP = NO;
				DEBUG_INFORMATION_FORMAT = "dwarf-with-dsym";
				ENABLE_NS_ASSERTIONS = NO;
				ENABLE_STRICT_OBJC_MSGSEND = YES;
				GCC_C_LANGUAGE_STANDARD = gnu11;
				GCC_NO_COMMON_BLOCKS = YES;
				GCC_WARN_64_TO_32_BIT_CONVERSION = YES;
				GCC_WARN_ABOUT_RETURN_TYPE = YES_ERROR;
				GCC_WARN_UNDECLARED_SELECTOR = YES;
				GCC_WARN_UNINITIALIZED_AUTOS = YES_AGGRESSIVE;
				GCC_WARN_UNUSED_FUNCTION = YES;
				GCC_WARN_UNUSED_VARIABLE = YES;
				IPHONEOS_DEPLOYMENT_TARGET = 16.4;
				MTL_ENABLE_DEBUG_INFO = NO;
				MTL_FAST_MATH = YES;
				SDKROOT = iphoneos;
				SWIFT_COMPILATION_MODE = wholemodule;
				SWIFT_OPTIMIZATION_LEVEL = "-O";
				VALIDATE_PRODUCT = YES;
			};
			name = Release;
		};
		E9BFDE542A71BD18009743F2 /* Debug */ = {
			isa = XCBuildConfiguration;
			buildSettings = {
				ASSETCATALOG_COMPILER_APPICON_NAME = AppIcon;
				ASSETCATALOG_COMPILER_GLOBAL_ACCENT_COLOR_NAME = AccentColor;
				CODE_SIGN_STYLE = Automatic;
				CURRENT_PROJECT_VERSION = 1;
				DEVELOPMENT_ASSET_PATHS = "\"TestingSpriteKit/Preview Content\"";
				DEVELOPMENT_TEAM = 5S88AY6J4R;
				ENABLE_PREVIEWS = YES;
				GENERATE_INFOPLIST_FILE = YES;
				INFOPLIST_KEY_UIApplicationSceneManifest_Generation = YES;
				INFOPLIST_KEY_UIApplicationSupportsIndirectInputEvents = YES;
				INFOPLIST_KEY_UILaunchScreen_Generation = YES;
				INFOPLIST_KEY_UISupportedInterfaceOrientations_iPad = "UIInterfaceOrientationPortrait UIInterfaceOrientationPortraitUpsideDown UIInterfaceOrientationLandscapeLeft UIInterfaceOrientationLandscapeRight";
				INFOPLIST_KEY_UISupportedInterfaceOrientations_iPhone = "UIInterfaceOrientationPortrait UIInterfaceOrientationLandscapeLeft UIInterfaceOrientationLandscapeRight";
				LD_RUNPATH_SEARCH_PATHS = (
					"$(inherited)",
					"@executable_path/Frameworks",
				);
				MARKETING_VERSION = 1.0;
				PRODUCT_BUNDLE_IDENTIFIER = br.ufpe.cin.academy.tmc4.TestingSpriteKit;
				PRODUCT_NAME = "$(TARGET_NAME)";
				SWIFT_EMIT_LOC_STRINGS = YES;
				SWIFT_VERSION = 5.0;
				TARGETED_DEVICE_FAMILY = "1,2";
			};
			name = Debug;
		};
		E9BFDE552A71BD18009743F2 /* Release */ = {
			isa = XCBuildConfiguration;
			buildSettings = {
				ASSETCATALOG_COMPILER_APPICON_NAME = AppIcon;
				ASSETCATALOG_COMPILER_GLOBAL_ACCENT_COLOR_NAME = AccentColor;
				CODE_SIGN_STYLE = Automatic;
				CURRENT_PROJECT_VERSION = 1;
				DEVELOPMENT_ASSET_PATHS = "\"TestingSpriteKit/Preview Content\"";
				DEVELOPMENT_TEAM = 5S88AY6J4R;
				ENABLE_PREVIEWS = YES;
				GENERATE_INFOPLIST_FILE = YES;
				INFOPLIST_KEY_UIApplicationSceneManifest_Generation = YES;
				INFOPLIST_KEY_UIApplicationSupportsIndirectInputEvents = YES;
				INFOPLIST_KEY_UILaunchScreen_Generation = YES;
				INFOPLIST_KEY_UISupportedInterfaceOrientations_iPad = "UIInterfaceOrientationPortrait UIInterfaceOrientationPortraitUpsideDown UIInterfaceOrientationLandscapeLeft UIInterfaceOrientationLandscapeRight";
				INFOPLIST_KEY_UISupportedInterfaceOrientations_iPhone = "UIInterfaceOrientationPortrait UIInterfaceOrientationLandscapeLeft UIInterfaceOrientationLandscapeRight";
				LD_RUNPATH_SEARCH_PATHS = (
					"$(inherited)",
					"@executable_path/Frameworks",
				);
				MARKETING_VERSION = 1.0;
				PRODUCT_BUNDLE_IDENTIFIER = br.ufpe.cin.academy.tmc4.TestingSpriteKit;
				PRODUCT_NAME = "$(TARGET_NAME)";
				SWIFT_EMIT_LOC_STRINGS = YES;
				SWIFT_VERSION = 5.0;
				TARGETED_DEVICE_FAMILY = "1,2";
			};
			name = Release;
		};
/* End XCBuildConfiguration section */

/* Begin XCConfigurationList section */
		E9BFDE402A71BD17009743F2 /* Build configuration list for PBXProject "TestingSpriteKit" */ = {
			isa = XCConfigurationList;
			buildConfigurations = (
				E9BFDE512A71BD18009743F2 /* Debug */,
				E9BFDE522A71BD18009743F2 /* Release */,
			);
			defaultConfigurationIsVisible = 0;
			defaultConfigurationName = Release;
		};
		E9BFDE532A71BD18009743F2 /* Build configuration list for PBXNativeTarget "TestingSpriteKit" */ = {
			isa = XCConfigurationList;
			buildConfigurations = (
				E9BFDE542A71BD18009743F2 /* Debug */,
				E9BFDE552A71BD18009743F2 /* Release */,
			);
			defaultConfigurationIsVisible = 0;
			defaultConfigurationName = Release;
		};
/* End XCConfigurationList section */
	};
	rootObject = E9BFDE3D2A71BD17009743F2 /* Project object */;
}
